
Microsoft Visual Studio Solution File, Format Version 12.00
# Visual Studio 2013
VisualStudioVersion = 12.0.31101.0
MinimumVisualStudioVersion = 10.0.40219.1
Project("{FAE04EC0-301F-11D3-BF4B-00C04F79EFBC}") = "FLifegame.IO", "FLifegame.Core\FLifegame.IO.csproj", "{2AF457B1-01A7-43B2-B82B-CB94A61BBA36}"
	ProjectSection(ProjectDependencies) = postProject
		{3E70F7A1-E7C2-4345-B7BF-240C650DC51D} = {3E70F7A1-E7C2-4345-B7BF-240C650DC51D}
	EndProjectSection
EndProject
Project("{FAE04EC0-301F-11D3-BF4B-00C04F79EFBC}") = "FLifegame.WPF", "FLifegame.WPF\FLifegame.WPF.csproj", "{ABB587F4-09CB-4E0F-9CAC-740DFF6E1A52}"
	ProjectSection(ProjectDependencies) = postProject
		{3E70F7A1-E7C2-4345-B7BF-240C650DC51D} = {3E70F7A1-E7C2-4345-B7BF-240C650DC51D}
	EndProjectSection
EndProject
Project("{FAE04EC0-301F-11D3-BF4B-00C04F79EFBC}") = "FLifegame.WindowsForms", "FLifegame.WindowsForms\FLifegame.WindowsForms.csproj", "{03A16A89-B077-44D3-929F-1B1DAAC19B2A}"
	ProjectSection(ProjectDependencies) = postProject
		{3E70F7A1-E7C2-4345-B7BF-240C650DC51D} = {3E70F7A1-E7C2-4345-B7BF-240C650DC51D}
	EndProjectSection
EndProject
Project("{FAE04EC0-301F-11D3-BF4B-00C04F79EFBC}") = "FLifegame.Console", "FLifegame.Console\FLifegame.Console.csproj", "{8663C70B-ACF8-424B-8560-9D5A03982DAF}"
	ProjectSection(ProjectDependencies) = postProject
		{3E70F7A1-E7C2-4345-B7BF-240C650DC51D} = {3E70F7A1-E7C2-4345-B7BF-240C650DC51D}
	EndProjectSection
EndProject
Project("{FAE04EC0-301F-11D3-BF4B-00C04F79EFBC}") = "FLifegame.Core", "FLifegame.Portable\FLifegame.Core.csproj", "{3E70F7A1-E7C2-4345-B7BF-240C650DC51D}"
EndProject
Global
	GlobalSection(SolutionConfigurationPlatforms) = preSolution
		Debug|Any CPU = Debug|Any CPU
		Release|Any CPU = Release|Any CPU
	EndGlobalSection
	GlobalSection(ProjectConfigurationPlatforms) = postSolution
		{2AF457B1-01A7-43B2-B82B-CB94A61BBA36}.Debug|Any CPU.ActiveCfg = Debug|Any CPU
		{2AF457B1-01A7-43B2-B82B-CB94A61BBA36}.Debug|Any CPU.Build.0 = Debug|Any CPU
		{2AF457B1-01A7-43B2-B82B-CB94A61BBA36}.Release|Any CPU.ActiveCfg = Release|Any CPU
		{2AF457B1-01A7-43B2-B82B-CB94A61BBA36}.Release|Any CPU.Build.0 = Release|Any CPU
		{ABB587F4-09CB-4E0F-9CAC-740DFF6E1A52}.Debug|Any CPU.ActiveCfg = Debug|Any CPU
		{ABB587F4-09CB-4E0F-9CAC-740DFF6E1A52}.Debug|Any CPU.Build.0 = Debug|Any CPU
		{ABB587F4-09CB-4E0F-9CAC-740DFF6E1A52}.Release|Any CPU.ActiveCfg = Release|Any CPU
		{ABB587F4-09CB-4E0F-9CAC-740DFF6E1A52}.Release|Any CPU.Build.0 = Release|Any CPU
		{03A16A89-B077-44D3-929F-1B1DAAC19B2A}.Debug|Any CPU.ActiveCfg = Debug|Any CPU
		{03A16A89-B077-44D3-929F-1B1DAAC19B2A}.Debug|Any CPU.Build.0 = Debug|Any CPU
		{03A16A89-B077-44D3-929F-1B1DAAC19B2A}.Release|Any CPU.ActiveCfg = Release|Any CPU
		{03A16A89-B077-44D3-929F-1B1DAAC19B2A}.Release|Any CPU.Build.0 = Release|Any CPU
		{8663C70B-ACF8-424B-8560-9D5A03982DAF}.Debug|Any CPU.ActiveCfg = Debug|Any CPU
		{8663C70B-ACF8-424B-8560-9D5A03982DAF}.Debug|Any CPU.Build.0 = Debug|Any CPU
		{8663C70B-ACF8-424B-8560-9D5A03982DAF}.Release|Any CPU.ActiveCfg = Release|Any CPU
		{8663C70B-ACF8-424B-8560-9D5A03982DAF}.Release|Any CPU.Build.0 = Release|Any CPU
		{3E70F7A1-E7C2-4345-B7BF-240C650DC51D}.Debug|Any CPU.ActiveCfg = Debug|Any CPU
		{3E70F7A1-E7C2-4345-B7BF-240C650DC51D}.Debug|Any CPU.Build.0 = Debug|Any CPU
		{3E70F7A1-E7C2-4345-B7BF-240C650DC51D}.Release|Any CPU.ActiveCfg = Release|Any CPU
		{3E70F7A1-E7C2-4345-B7BF-240C650DC51D}.Release|Any CPU.Build.0 = Release|Any CPU
	EndGlobalSection
	GlobalSection(SolutionProperties) = preSolution
		HideSolutionNode = FALSE
	EndGlobalSection
EndGlobal
